
Microsoft Visual Studio Solution File, Format Version 12.00
# Visual Studio 14
VisualStudioVersion = 14.0.25420.1
MinimumVisualStudioVersion = 10.0.40219.1
Project("{8BC9CEB8-8B4A-11D0-8D11-00A0C91BC942}") = "first-setting", "first-setting\first-setting.vcxproj", "{DB2EE8D9-63E4-4BCF-B330-BA334456658B}"
EndProject
Project("{8BC9CEB8-8B4A-11D0-8D11-00A0C91BC942}") = "hand-recognition", "hand-recognition\hand-recognition.vcxproj", "{92FAF126-5062-4C8F-8FCB-6307F9E9AC1D}"
EndProject
Project("{8BC9CEB8-8B4A-11D0-8D11-00A0C91BC942}") = "ex-01", "ex-01\ex-01.vcxproj", "{39E14185-E748-4730-AE21-0FA55AECC117}"
EndProject
Global
	GlobalSection(SolutionConfigurationPlatforms) = preSolution
		Debug|x64 = Debug|x64
		Debug|x86 = Debug|x86
		Release|x64 = Release|x64
		Release|x86 = Release|x86
	EndGlobalSection
	GlobalSection(ProjectConfigurationPlatforms) = postSolution
		{DB2EE8D9-63E4-4BCF-B330-BA334456658B}.Debug|x64.ActiveCfg = Debug|x64
		{DB2EE8D9-63E4-4BCF-B330-BA334456658B}.Debug|x64.Build.0 = Debug|x64
		{DB2EE8D9-63E4-4BCF-B330-BA334456658B}.Debug|x86.ActiveCfg = Debug|Win32
		{DB2EE8D9-63E4-4BCF-B330-BA334456658B}.Debug|x86.Build.0 = Debug|Win32
		{DB2EE8D9-63E4-4BCF-B330-BA334456658B}.Release|x64.ActiveCfg = Release|x64
		{DB2EE8D9-63E4-4BCF-B330-BA334456658B}.Release|x64.Build.0 = Release|x64
		{DB2EE8D9-63E4-4BCF-B330-BA334456658B}.Release|x86.ActiveCfg = Release|Win32
		{DB2EE8D9-63E4-4BCF-B330-BA334456658B}.Release|x86.Build.0 = Release|Win32
		{92FAF126-5062-4C8F-8FCB-6307F9E9AC1D}.Debug|x64.ActiveCfg = Debug|x64
		{92FAF126-5062-4C8F-8FCB-6307F9E9AC1D}.Debug|x64.Build.0 = Debug|x64
		{92FAF126-5062-4C8F-8FCB-6307F9E9AC1D}.Debug|x86.ActiveCfg = Debug|Win32
		{92FAF126-5062-4C8F-8FCB-6307F9E9AC1D}.Debug|x86.Build.0 = Debug|Win32
		{92FAF126-5062-4C8F-8FCB-6307F9E9AC1D}.Release|x64.ActiveCfg = Release|x64
		{92FAF126-5062-4C8F-8FCB-6307F9E9AC1D}.Release|x64.Build.0 = Release|x64
		{92FAF126-5062-4C8F-8FCB-6307F9E9AC1D}.Release|x86.ActiveCfg = Release|Win32
		{92FAF126-5062-4C8F-8FCB-6307F9E9AC1D}.Release|x86.Build.0 = Release|Win32
		{39E14185-E748-4730-AE21-0FA55AECC117}.Debug|x64.ActiveCfg = Debug|x64
		{39E14185-E748-4730-AE21-0FA55AECC117}.Debug|x64.Build.0 = Debug|x64
		{39E14185-E748-4730-AE21-0FA55AECC117}.Debug|x86.ActiveCfg = Debug|Win32
		{39E14185-E748-4730-AE21-0FA55AECC117}.Debug|x86.Build.0 = Debug|Win32
		{39E14185-E748-4730-AE21-0FA55AECC117}.Release|x64.ActiveCfg = Release|x64
		{39E14185-E748-4730-AE21-0FA55AECC117}.Release|x64.Build.0 = Release|x64
		{39E14185-E748-4730-AE21-0FA55AECC117}.Release|x86.ActiveCfg = Release|Win32
		{39E14185-E748-4730-AE21-0FA55AECC117}.Release|x86.Build.0 = Release|Win32
	EndGlobalSection
	GlobalSection(SolutionProperties) = preSolution
		HideSolutionNode = FALSE
	EndGlobalSection
EndGlobal
